// !$*UTF8*$!
{
	archiveVersion = 1;
	classes = {
	};
	objectVersion = 50;
	objects = {

/* Begin PBXBuildFile section */
		5F24FACB28A0E529009B6960 /* AppDelegate.swift in Sources */ = {isa = PBXBuildFile; fileRef = 5F24FACA28A0E529009B6960 /* AppDelegate.swift */; };
		5F24FACF28A0E529009B6960 /* ViewController.swift in Sources */ = {isa = PBXBuildFile; fileRef = 5F24FACE28A0E529009B6960 /* ViewController.swift */; };
		5F24FAD228A0E529009B6960 /* Main.storyboard in Resources */ = {isa = PBXBuildFile; fileRef = 5F24FAD028A0E529009B6960 /* Main.storyboard */; };
		5F24FAD428A0E52D009B6960 /* Assets.xcassets in Resources */ = {isa = PBXBuildFile; fileRef = 5F24FAD328A0E52D009B6960 /* Assets.xcassets */; };
		5F24FAD728A0E52D009B6960 /* LaunchScreen.storyboard in Resources */ = {isa = PBXBuildFile; fileRef = 5F24FAD528A0E52D009B6960 /* LaunchScreen.storyboard */; };
		5FD046EF28A2203100F17B2A /* Home.storyboard in Resources */ = {isa = PBXBuildFile; fileRef = 5FD046ED28A2203000F17B2A /* Home.storyboard */; };
		5FD046F228A220AB00F17B2A /* Live.storyboard in Resources */ = {isa = PBXBuildFile; fileRef = 5FD046F028A220AB00F17B2A /* Live.storyboard */; };
		5FD046F528A220E200F17B2A /* Follow.storyboard in Resources */ = {isa = PBXBuildFile; fileRef = 5FD046F328A220E200F17B2A /* Follow.storyboard */; };
		5FD046F828A2211600F17B2A /* Profile.storyboard in Resources */ = {isa = PBXBuildFile; fileRef = 5FD046F628A2211600F17B2A /* Profile.storyboard */; };
		5FD0470328A228D300F17B2A /* MainViewController.swift in Sources */ = {isa = PBXBuildFile; fileRef = 5FD0470228A228D300F17B2A /* MainViewController.swift */; };
/* End PBXBuildFile section */

/* Begin PBXFileReference section */
		5F24FAC728A0E529009B6960 /* 斗鱼UI模仿.app */ = {isa = PBXFileReference; explicitFileType = wrapper.application; includeInIndex = 0; path = "斗鱼UI模仿.app"; sourceTree = BUILT_PRODUCTS_DIR; };
		5F24FACA28A0E529009B6960 /* AppDelegate.swift */ = {isa = PBXFileReference; lastKnownFileType = sourcecode.swift; path = AppDelegate.swift; sourceTree = "<group>"; };
		5F24FACE28A0E529009B6960 /* ViewController.swift */ = {isa = PBXFileReference; lastKnownFileType = sourcecode.swift; path = ViewController.swift; sourceTree = "<group>"; };
		5F24FAD128A0E529009B6960 /* Base */ = {isa = PBXFileReference; lastKnownFileType = file.storyboard; name = Base; path = Base.lproj/Main.storyboard; sourceTree = "<group>"; };
		5F24FAD328A0E52D009B6960 /* Assets.xcassets */ = {isa = PBXFileReference; lastKnownFileType = folder.assetcatalog; path = Assets.xcassets; sourceTree = "<group>"; };
		5F24FAD628A0E52D009B6960 /* Base */ = {isa = PBXFileReference; lastKnownFileType = file.storyboard; name = Base; path = Base.lproj/LaunchScreen.storyboard; sourceTree = "<group>"; };
		5F24FAD828A0E52D009B6960 /* Info.plist */ = {isa = PBXFileReference; lastKnownFileType = text.plist.xml; path = Info.plist; sourceTree = "<group>"; };
		5FD046EE28A2203000F17B2A /* Base */ = {isa = PBXFileReference; lastKnownFileType = file.storyboard; name = Base; path = DouYuUI/Base.lproj/Home.storyboard; sourceTree = "<group>"; };
		5FD046F128A220AB00F17B2A /* Base */ = {isa = PBXFileReference; lastKnownFileType = file.storyboard; name = Base; path = DouYuUI/Base.lproj/Live.storyboard; sourceTree = "<group>"; };
		5FD046F428A220E200F17B2A /* Base */ = {isa = PBXFileReference; lastKnownFileType = file.storyboard; name = Base; path = DouYuUI/Base.lproj/Follow.storyboard; sourceTree = "<group>"; };
		5FD046F728A2211600F17B2A /* Base */ = {isa = PBXFileReference; lastKnownFileType = file.storyboard; name = Base; path = DouYuUI/Base.lproj/Profile.storyboard; sourceTree = "<group>"; };
		5FD0470228A228D300F17B2A /* MainViewController.swift */ = {isa = PBXFileReference; lastKnownFileType = sourcecode.swift; path = MainViewController.swift; sourceTree = "<group>"; };
/* End PBXFileReference section */

/* Begin PBXFrameworksBuildPhase section */
		5F24FAC428A0E529009B6960 /* Frameworks */ = {
			isa = PBXFrameworksBuildPhase;
			buildActionMask = 2147483647;
			files = (
			);
			runOnlyForDeploymentPostprocessing = 0;
		};
/* End PBXFrameworksBuildPhase section */

/* Begin PBXGroup section */
		5F24FABE28A0E529009B6960 = {
			isa = PBXGroup;
			children = (
				5F24FAC928A0E529009B6960 /* DouYuUI */,
				5F24FAC828A0E529009B6960 /* Products */,
			);
			sourceTree = "<group>";
		};
		5F24FAC828A0E529009B6960 /* Products */ = {
			isa = PBXGroup;
			children = (
				5F24FAC728A0E529009B6960 /* 斗鱼UI模仿.app */,
			);
			name = Products;
			sourceTree = "<group>";
		};
		5F24FAC928A0E529009B6960 /* DouYuUI */ = {
			isa = PBXGroup;
			children = (
				5FD046FB28A222AC00F17B2A /* Classes */,
				5F24FACA28A0E529009B6960 /* AppDelegate.swift */,
				5F24FACE28A0E529009B6960 /* ViewController.swift */,
				5F24FAD328A0E52D009B6960 /* Assets.xcassets */,
				5F24FAD528A0E52D009B6960 /* LaunchScreen.storyboard */,
				5F24FAD828A0E52D009B6960 /* Info.plist */,
			);
			path = DouYuUI;
			sourceTree = "<group>";
		};
		5FD046FB28A222AC00F17B2A /* Classes */ = {
			isa = PBXGroup;
			children = (
				5FD046FC28A222C100F17B2A /* Main */,
				5FD046FD28A222C900F17B2A /* Home */,
				5FD046FE28A222D300F17B2A /* Live */,
				5FD046FF28A222DC00F17B2A /* Follow */,
				5FD0470028A222E300F17B2A /* Profile */,
				5FD0470128A222EA00F17B2A /* Tools */,
			);
			path = Classes;
			sourceTree = "<group>";
		};
		5FD046FC28A222C100F17B2A /* Main */ = {
			isa = PBXGroup;
			children = (
				5FD2D28328A233480002E612 /* Controller */,
				5FD2D28428A233480002E612 /* Model */,
				5FD2D28528A233480002E612 /* View */,
			);
			path = Main;
			sourceTree = "<group>";
		};
		5FD046FD28A222C900F17B2A /* Home */ = {
			isa = PBXGroup;
			children = (
				5FD2D29428A233D20002E612 /* Controller */,
				5FD2D29228A233D10002E612 /* Model */,
				5FD2D29328A233D20002E612 /* View */,
			);
			path = Home;
			sourceTree = "<group>";
		};
		5FD046FE28A222D300F17B2A /* Live */ = {
			isa = PBXGroup;
			children = (
				5FD046F028A220AB00F17B2A /* Live.storyboard */,
			);
			path = Live;
			sourceTree = "<group>";
		};
		5FD046FF28A222DC00F17B2A /* Follow */ = {
			isa = PBXGroup;
			children = (
				5FD046F328A220E200F17B2A /* Follow.storyboard */,
			);
			path = Follow;
			sourceTree = "<group>";
		};
		5FD0470028A222E300F17B2A /* Profile */ = {
			isa = PBXGroup;
			children = (
				5FD046F628A2211600F17B2A /* Profile.storyboard */,
			);
			path = Profile;
			sourceTree = "<group>";
		};
		5FD0470128A222EA00F17B2A /* Tools */ = {
			isa = PBXGroup;
			children = (
			);
			path = Tools;
			sourceTree = "<group>";
		};
		5FD2D28328A233480002E612 /* Controller */ = {
			isa = PBXGroup;
			children = (
				5F24FAD028A0E529009B6960 /* Main.storyboard */,
				5FD0470228A228D300F17B2A /* MainViewController.swift */,
			);
			path = Controller;
			sourceTree = "<group>";
		};
		5FD2D28428A233480002E612 /* Model */ = {
			isa = PBXGroup;
			children = (
			);
			path = Model;
			sourceTree = "<group>";
		};
		5FD2D28528A233480002E612 /* View */ = {
			isa = PBXGroup;
			children = (
			);
			path = View;
			sourceTree = "<group>";
		};
		5FD2D29228A233D10002E612 /* Model */ = {
			isa = PBXGroup;
			children = (
			);
			path = Model;
			sourceTree = "<group>";
		};
		5FD2D29328A233D20002E612 /* View */ = {
			isa = PBXGroup;
			children = (
			);
			path = View;
			sourceTree = "<group>";
		};
		5FD2D29428A233D20002E612 /* Controller */ = {
			isa = PBXGroup;
			children = (
				5FD046ED28A2203000F17B2A /* Home.storyboard */,
			);
			path = Controller;
			sourceTree = "<group>";
		};
/* End PBXGroup section */

/* Begin PBXNativeTarget section */
		5F24FAC628A0E529009B6960 /* DouYuUI */ = {
			isa = PBXNativeTarget;
			buildConfigurationList = 5F24FADB28A0E52D009B6960 /* Build configuration list for PBXNativeTarget "DouYuUI" */;
			buildPhases = (
				5F24FAC328A0E529009B6960 /* Sources */,
				5F24FAC428A0E529009B6960 /* Frameworks */,
				5F24FAC528A0E529009B6960 /* Resources */,
			);
			buildRules = (
			);
			dependencies = (
			);
			name = DouYuUI;
			productName = DouYuUI;
			productReference = 5F24FAC728A0E529009B6960 /* 斗鱼UI模仿.app */;
			productType = "com.apple.product-type.application";
		};
/* End PBXNativeTarget section */

/* Begin PBXProject section */
		5F24FABF28A0E529009B6960 /* Project object */ = {
			isa = PBXProject;
			attributes = {
				LastSwiftUpdateCheck = 1120;
				LastUpgradeCheck = 1120;
				ORGANIZATIONNAME = davidhuang;
				TargetAttributes = {
					5F24FAC628A0E529009B6960 = {
						CreatedOnToolsVersion = 11.2.1;
					};
				};
			};
			buildConfigurationList = 5F24FAC228A0E529009B6960 /* Build configuration list for PBXProject "DouYuUI" */;
			compatibilityVersion = "Xcode 9.3";
			developmentRegion = en;
			hasScannedForEncodings = 0;
			knownRegions = (
				en,
				Base,
			);
			mainGroup = 5F24FABE28A0E529009B6960;
			productRefGroup = 5F24FAC828A0E529009B6960 /* Products */;
			projectDirPath = "";
			projectRoot = "";
			targets = (
				5F24FAC628A0E529009B6960 /* DouYuUI */,
			);
		};
/* End PBXProject section */

/* Begin PBXResourcesBuildPhase section */
		5F24FAC528A0E529009B6960 /* Resources */ = {
			isa = PBXResourcesBuildPhase;
			buildActionMask = 2147483647;
			files = (
				5F24FAD728A0E52D009B6960 /* LaunchScreen.storyboard in Resources */,
				5FD046EF28A2203100F17B2A /* Home.storyboard in Resources */,
				5FD046F828A2211600F17B2A /* Profile.storyboard in Resources */,
				5FD046F228A220AB00F17B2A /* Live.storyboard in Resources */,
				5FD046F528A220E200F17B2A /* Follow.storyboard in Resources */,
				5F24FAD428A0E52D009B6960 /* Assets.xcassets in Resources */,
				5F24FAD228A0E529009B6960 /* Main.storyboard in Resources */,
			);
			runOnlyForDeploymentPostprocessing = 0;
		};
/* End PBXResourcesBuildPhase section */

/* Begin PBXSourcesBuildPhase section */
		5F24FAC328A0E529009B6960 /* Sources */ = {
			isa = PBXSourcesBuildPhase;
			buildActionMask = 2147483647;
			files = (
				5FD0470328A228D300F17B2A /* MainViewController.swift in Sources */,
				5F24FACF28A0E529009B6960 /* ViewController.swift in Sources */,
				5F24FACB28A0E529009B6960 /* AppDelegate.swift in Sources */,
			);
			runOnlyForDeploymentPostprocessing = 0;
		};
/* End PBXSourcesBuildPhase section */

/* Begin PBXVariantGroup section */
		5F24FAD028A0E529009B6960 /* Main.storyboard */ = {
			isa = PBXVariantGroup;
			children = (
				5F24FAD128A0E529009B6960 /* Base */,
			);
			name = Main.storyboard;
			sourceTree = "<group>";
		};
		5F24FAD528A0E52D009B6960 /* LaunchScreen.storyboard */ = {
			isa = PBXVariantGroup;
			children = (
				5F24FAD628A0E52D009B6960 /* Base */,
			);
			name = LaunchScreen.storyboard;
			sourceTree = "<group>";
		};
		5FD046ED28A2203000F17B2A /* Home.storyboard */ = {
			isa = PBXVariantGroup;
			children = (
				5FD046EE28A2203000F17B2A /* Base */,
			);
			name = Home.storyboard;
			sourceTree = "<group>";
		};
		5FD046F028A220AB00F17B2A /* Live.storyboard */ = {
			isa = PBXVariantGroup;
			children = (
				5FD046F128A220AB00F17B2A /* Base */,
			);
			name = Live.storyboard;
			sourceTree = "<group>";
		};
		5FD046F328A220E200F17B2A /* Follow.storyboard */ = {
			isa = PBXVariantGroup;
			children = (
				5FD046F428A220E200F17B2A /* Base */,
			);
			name = Follow.storyboard;
			sourceTree = "<group>";
		};
		5FD046F628A2211600F17B2A /* Profile.storyboard */ = {
			isa = PBXVariantGroup;
			children = (
				5FD046F728A2211600F17B2A /* Base */,
			);
			name = Profile.storyboard;
			sourceTree = "<group>";
		};
/* End PBXVariantGroup section */

/* Begin XCBuildConfiguration section */
		5F24FAD928A0E52D009B6960 /* Debug */ = {
			isa = XCBuildConfiguration;
			buildSettings = {
				ALWAYS_SEARCH_USER_PATHS = NO;
				CLANG_ANALYZER_NONNULL = YES;
				CLANG_ANALYZER_NUMBER_OBJECT_CONVERSION = YES_AGGRESSIVE;
				CLANG_CXX_LANGUAGE_STANDARD = "gnu++14";
				CLANG_CXX_LIBRARY = "libc++";
				CLANG_ENABLE_MODULES = YES;
				CLANG_ENABLE_OBJC_ARC = YES;
				CLANG_ENABLE_OBJC_WEAK = YES;
				CLANG_WARN_BLOCK_CAPTURE_AUTORELEASING = YES;
				CLANG_WARN_BOOL_CONVERSION = YES;
				CLANG_WARN_COMMA = YES;
				CLANG_WARN_CONSTANT_CONVERSION = YES;
				CLANG_WARN_DEPRECATED_OBJC_IMPLEMENTATIONS = YES;
				CLANG_WARN_DIRECT_OBJC_ISA_USAGE = YES_ERROR;
				CLANG_WARN_DOCUMENTATION_COMMENTS = YES;
				CLANG_WARN_EMPTY_BODY = YES;
				CLANG_WARN_ENUM_CONVERSION = YES;
				CLANG_WARN_INFINITE_RECURSION = YES;
				CLANG_WARN_INT_CONVERSION = YES;
				CLANG_WARN_NON_LITERAL_NULL_CONVERSION = YES;
				CLANG_WARN_OBJC_IMPLICIT_RETAIN_SELF = YES;
				CLANG_WARN_OBJC_LITERAL_CONVERSION = YES;
				CLANG_WARN_OBJC_ROOT_CLASS = YES_ERROR;
				CLANG_WARN_RANGE_LOOP_ANALYSIS = YES;
				CLANG_WARN_STRICT_PROTOTYPES = YES;
				CLANG_WARN_SUSPICIOUS_MOVE = YES;
				CLANG_WARN_UNGUARDED_AVAILABILITY = YES_AGGRESSIVE;
				CLANG_WARN_UNREACHABLE_CODE = YES;
				CLANG_WARN__DUPLICATE_METHOD_MATCH = YES;
				COPY_PHASE_STRIP = NO;
				DEBUG_INFORMATION_FORMAT = dwarf;
				ENABLE_STRICT_OBJC_MSGSEND = YES;
				ENABLE_TESTABILITY = YES;
				GCC_C_LANGUAGE_STANDARD = gnu11;
				GCC_DYNAMIC_NO_PIC = NO;
				GCC_NO_COMMON_BLOCKS = YES;
				GCC_OPTIMIZATION_LEVEL = 0;
				GCC_PREPROCESSOR_DEFINITIONS = (
					"DEBUG=1",
					"$(inherited)",
				);
				GCC_WARN_64_TO_32_BIT_CONVERSION = YES;
				GCC_WARN_ABOUT_RETURN_TYPE = YES_ERROR;
				GCC_WARN_UNDECLARED_SELECTOR = YES;
				GCC_WARN_UNINITIALIZED_AUTOS = YES_AGGRESSIVE;
				GCC_WARN_UNUSED_FUNCTION = YES;
				GCC_WARN_UNUSED_VARIABLE = YES;
				IPHONEOS_DEPLOYMENT_TARGET = 10.0;
				MTL_ENABLE_DEBUG_INFO = INCLUDE_SOURCE;
				MTL_FAST_MATH = YES;
				ONLY_ACTIVE_ARCH = YES;
				SDKROOT = iphoneos;
				SWIFT_ACTIVE_COMPILATION_CONDITIONS = DEBUG;
				SWIFT_OPTIMIZATION_LEVEL = "-Onone";
			};
			name = Debug;
		};
		5F24FADA28A0E52D009B6960 /* Release */ = {
			isa = XCBuildConfiguration;
			buildSettings = {
				ALWAYS_SEARCH_USER_PATHS = NO;
				CLANG_ANALYZER_NONNULL = YES;
				CLANG_ANALYZER_NUMBER_OBJECT_CONVERSION = YES_AGGRESSIVE;
				CLANG_CXX_LANGUAGE_STANDARD = "gnu++14";
				CLANG_CXX_LIBRARY = "libc++";
				CLANG_ENABLE_MODULES = YES;
				CLANG_ENABLE_OBJC_ARC = YES;
				CLANG_ENABLE_OBJC_WEAK = YES;
				CLANG_WARN_BLOCK_CAPTURE_AUTORELEASING = YES;
				CLANG_WARN_BOOL_CONVERSION = YES;
				CLANG_WARN_COMMA = YES;
				CLANG_WARN_CONSTANT_CONVERSION = YES;
				CLANG_WARN_DEPRECATED_OBJC_IMPLEMENTATIONS = YES;
				CLANG_WARN_DIRECT_OBJC_ISA_USAGE = YES_ERROR;
				CLANG_WARN_DOCUMENTATION_COMMENTS = YES;
				CLANG_WARN_EMPTY_BODY = YES;
				CLANG_WARN_ENUM_CONVERSION = YES;
				CLANG_WARN_INFINITE_RECURSION = YES;
				CLANG_WARN_INT_CONVERSION = YES;
				CLANG_WARN_NON_LITERAL_NULL_CONVERSION = YES;
				CLANG_WARN_OBJC_IMPLICIT_RETAIN_SELF = YES;
				CLANG_WARN_OBJC_LITERAL_CONVERSION = YES;
				CLANG_WARN_OBJC_ROOT_CLASS = YES_ERROR;
				CLANG_WARN_RANGE_LOOP_ANALYSIS = YES;
				CLANG_WARN_STRICT_PROTOTYPES = YES;
				CLANG_WARN_SUSPICIOUS_MOVE = YES;
				CLANG_WARN_UNGUARDED_AVAILABILITY = YES_AGGRESSIVE;
				CLANG_WARN_UNREACHABLE_CODE = YES;
				CLANG_WARN__DUPLICATE_METHOD_MATCH = YES;
				COPY_PHASE_STRIP = NO;
				DEBUG_INFORMATION_FORMAT = "dwarf-with-dsym";
				ENABLE_NS_ASSERTIONS = NO;
				ENABLE_STRICT_OBJC_MSGSEND = YES;
				GCC_C_LANGUAGE_STANDARD = gnu11;
				GCC_NO_COMMON_BLOCKS = YES;
				GCC_WARN_64_TO_32_BIT_CONVERSION = YES;
				GCC_WARN_ABOUT_RETURN_TYPE = YES_ERROR;
				GCC_WARN_UNDECLARED_SELECTOR = YES;
				GCC_WARN_UNINITIALIZED_AUTOS = YES_AGGRESSIVE;
				GCC_WARN_UNUSED_FUNCTION = YES;
				GCC_WARN_UNUSED_VARIABLE = YES;
				IPHONEOS_DEPLOYMENT_TARGET = 10.0;
				MTL_ENABLE_DEBUG_INFO = NO;
				MTL_FAST_MATH = YES;
				SDKROOT = iphoneos;
				SWIFT_COMPILATION_MODE = wholemodule;
				SWIFT_OPTIMIZATION_LEVEL = "-O";
				VALIDATE_PRODUCT = YES;
			};
			name = Release;
		};
		5F24FADC28A0E52D009B6960 /* Debug */ = {
			isa = XCBuildConfiguration;
			buildSettings = {
				ASSETCATALOG_COMPILER_APPICON_NAME = AppIcon;
				ASSETCATALOG_COMPILER_LAUNCHIMAGE_NAME = "";
				CODE_SIGN_STYLE = Automatic;
				INFOPLIST_FILE = DouYuUI/Info.plist;
				IPHONEOS_DEPLOYMENT_TARGET = 10.0;
				LD_RUNPATH_SEARCH_PATHS = (
					"$(inherited)",
					"@executable_path/Frameworks",
				);
				MARKETING_VERSION = 1.0.0;
				PRODUCT_BUNDLE_IDENTIFIER = david.com.DouYuUI;
				PRODUCT_NAME = "斗鱼UI模仿";
				SWIFT_VERSION = 5.0;
				TARGETED_DEVICE_FAMILY = 1;
			};
			name = Debug;
		};
		5F24FADD28A0E52D009B6960 /* Release */ = {
			isa = XCBuildConfiguration;
			buildSettings = {
				ASSETCATALOG_COMPILER_APPICON_NAME = AppIcon;
				ASSETCATALOG_COMPILER_LAUNCHIMAGE_NAME = "";
				CODE_SIGN_STYLE = Automatic;
				INFOPLIST_FILE = DouYuUI/Info.plist;
				IPHONEOS_DEPLOYMENT_TARGET = 10.0;
				LD_RUNPATH_SEARCH_PATHS = (
					"$(inherited)",
					"@executable_path/Frameworks",
				);
				MARKETING_VERSION = 1.0.0;
				PRODUCT_BUNDLE_IDENTIFIER = david.com.DouYuUI;
				PRODUCT_NAME = "斗鱼UI模仿";
				SWIFT_VERSION = 5.0;
				TARGETED_DEVICE_FAMILY = 1;
			};
			name = Release;
		};
/* End XCBuildConfiguration section */

/* Begin XCConfigurationList section */
		5F24FAC228A0E529009B6960 /* Build configuration list for PBXProject "DouYuUI" */ = {
			isa = XCConfigurationList;
			buildConfigurations = (
				5F24FAD928A0E52D009B6960 /* Debug */,
				5F24FADA28A0E52D009B6960 /* Release */,
			);
			defaultConfigurationIsVisible = 0;
			defaultConfigurationName = Release;
		};
		5F24FADB28A0E52D009B6960 /* Build configuration list for PBXNativeTarget "DouYuUI" */ = {
			isa = XCConfigurationList;
			buildConfigurations = (
				5F24FADC28A0E52D009B6960 /* Debug */,
				5F24FADD28A0E52D009B6960 /* Release */,
			);
			defaultConfigurationIsVisible = 0;
			defaultConfigurationName = Release;
		};
/* End XCConfigurationList section */
	};
	rootObject = 5F24FABF28A0E529009B6960 /* Project object */;
}
